
Microsoft Visual Studio Solution File, Format Version 12.00
# Visual Studio Version 17
VisualStudioVersion = 17.11.35327.3
MinimumVisualStudioVersion = 10.0.40219.1
Project("{FAE04EC0-301F-11D3-BF4B-00C04F79EFBC}") = "Lab001", "Lab001.csproj", "{F6BAEE69-17FE-4167-B619-6096095032E9}"
EndProject
Global
	GlobalSection(SolutionConfigurationPlatforms) = preSolution
		Debug|Any CPU = Debug|Any CPU
		Release|Any CPU = Release|Any CPU
	EndGlobalSection
	GlobalSection(ProjectConfigurationPlatforms) = postSolution
		{F6BAEE69-17FE-4167-B619-6096095032E9}.Debug|Any CPU.ActiveCfg = Debug|Any CPU
		{F6BAEE69-17FE-4167-B619-6096095032E9}.Debug|Any CPU.Build.0 = Debug|Any CPU
		{F6BAEE69-17FE-4167-B619-6096095032E9}.Release|Any CPU.ActiveCfg = Release|Any CPU
		{F6BAEE69-17FE-4167-B619-6096095032E9}.Release|Any CPU.Build.0 = Release|Any CPU
	EndGlobalSection
	GlobalSection(SolutionProperties) = preSolution
		HideSolutionNode = FALSE
	EndGlobalSection
	GlobalSection(ExtensibilityGlobals) = postSolution
		SolutionGuid = {9C0D02EE-696C-4D78-8678-6971E5C9B85D}
	EndGlobalSection
EndGlobal
